
Microsoft Visual Studio Solution File, Format Version 12.00
# Visual Studio 15
VisualStudioVersion = 15.0.27703.2035
MinimumVisualStudioVersion = 10.0.40219.1
Project("{FAE04EC0-301F-11D3-BF4B-00C04F79EFBC}") = "PatientDemographics", "PatientDemographics\PatientDemographics.csproj", "{28D28BA6-B4A1-4062-8396-F40F7752615E}"
EndProject
Project("{FAE04EC0-301F-11D3-BF4B-00C04F79EFBC}") = "PatientDemographics.Tests", "PatientDemographics.Tests\PatientDemographics.Tests.csproj", "{D24E2A86-B626-4989-B1D2-01EE91555138}"
EndProject
Project("{FAE04EC0-301F-11D3-BF4B-00C04F79EFBC}") = "PatientDataAccess", "PatientDataAccess\PatientDataAccess.csproj", "{6CAFE5BC-E518-4E45-9D27-E1BEA270F06A}"
EndProject
Project("{FAE04EC0-301F-11D3-BF4B-00C04F79EFBC}") = "PaitentServices", "PaitentServices\PaitentServices.csproj", "{6821C754-2D6E-4382-B6A5-638EF94915D0}"
EndProject
Project("{FAE04EC0-301F-11D3-BF4B-00C04F79EFBC}") = "BusinessEntity", "BusinessEntity\BusinessEntity.csproj", "{E75D3A51-8B15-435B-A3B6-A53AE9F0771D}"
EndProject
Global
	GlobalSection(SolutionConfigurationPlatforms) = preSolution
		Debug|Any CPU = Debug|Any CPU
		Release|Any CPU = Release|Any CPU
	EndGlobalSection
	GlobalSection(ProjectConfigurationPlatforms) = postSolution
		{28D28BA6-B4A1-4062-8396-F40F7752615E}.Debug|Any CPU.ActiveCfg = Debug|Any CPU
		{28D28BA6-B4A1-4062-8396-F40F7752615E}.Debug|Any CPU.Build.0 = Debug|Any CPU
		{28D28BA6-B4A1-4062-8396-F40F7752615E}.Release|Any CPU.ActiveCfg = Release|Any CPU
		{28D28BA6-B4A1-4062-8396-F40F7752615E}.Release|Any CPU.Build.0 = Release|Any CPU
		{D24E2A86-B626-4989-B1D2-01EE91555138}.Debug|Any CPU.ActiveCfg = Debug|Any CPU
		{D24E2A86-B626-4989-B1D2-01EE91555138}.Debug|Any CPU.Build.0 = Debug|Any CPU
		{D24E2A86-B626-4989-B1D2-01EE91555138}.Release|Any CPU.ActiveCfg = Release|Any CPU
		{D24E2A86-B626-4989-B1D2-01EE91555138}.Release|Any CPU.Build.0 = Release|Any CPU
		{6CAFE5BC-E518-4E45-9D27-E1BEA270F06A}.Debug|Any CPU.ActiveCfg = Debug|Any CPU
		{6CAFE5BC-E518-4E45-9D27-E1BEA270F06A}.Debug|Any CPU.Build.0 = Debug|Any CPU
		{6CAFE5BC-E518-4E45-9D27-E1BEA270F06A}.Release|Any CPU.ActiveCfg = Release|Any CPU
		{6CAFE5BC-E518-4E45-9D27-E1BEA270F06A}.Release|Any CPU.Build.0 = Release|Any CPU
		{6821C754-2D6E-4382-B6A5-638EF94915D0}.Debug|Any CPU.ActiveCfg = Debug|Any CPU
		{6821C754-2D6E-4382-B6A5-638EF94915D0}.Debug|Any CPU.Build.0 = Debug|Any CPU
		{6821C754-2D6E-4382-B6A5-638EF94915D0}.Release|Any CPU.ActiveCfg = Release|Any CPU
		{6821C754-2D6E-4382-B6A5-638EF94915D0}.Release|Any CPU.Build.0 = Release|Any CPU
		{E75D3A51-8B15-435B-A3B6-A53AE9F0771D}.Debug|Any CPU.ActiveCfg = Debug|Any CPU
		{E75D3A51-8B15-435B-A3B6-A53AE9F0771D}.Debug|Any CPU.Build.0 = Debug|Any CPU
		{E75D3A51-8B15-435B-A3B6-A53AE9F0771D}.Release|Any CPU.ActiveCfg = Release|Any CPU
		{E75D3A51-8B15-435B-A3B6-A53AE9F0771D}.Release|Any CPU.Build.0 = Release|Any CPU
	EndGlobalSection
	GlobalSection(SolutionProperties) = preSolution
		HideSolutionNode = FALSE
	EndGlobalSection
	GlobalSection(ExtensibilityGlobals) = postSolution
		SolutionGuid = {723F64CA-C9D9-4950-89B5-524F1DD4CCAD}
	EndGlobalSection
EndGlobal
